// !$*UTF8*$!
{
	archiveVersion = 1;
	classes = {
	};
	objectVersion = 48;
	objects = {

/* Begin PBXBuildFile section */
		A0007AAE2073D12700489F13 /* MovieQuoteDetailViewController.swift in Sources */ = {isa = PBXBuildFile; fileRef = A0007AAD2073D12700489F13 /* MovieQuoteDetailViewController.swift */; };
		A07D7F3C206D367800C1B07E /* MovieQuotesTableViewController.swift in Sources */ = {isa = PBXBuildFile; fileRef = A07D7F3B206D367800C1B07E /* MovieQuotesTableViewController.swift */; };
		A07D7F3E206D395100C1B07E /* MovieQuotes.swift in Sources */ = {isa = PBXBuildFile; fileRef = A07D7F3D206D395100C1B07E /* MovieQuotes.swift */; };
		A0FBFAD8206AA2DB00BF5088 /* AppDelegate.swift in Sources */ = {isa = PBXBuildFile; fileRef = A0FBFAD7206AA2DB00BF5088 /* AppDelegate.swift */; };
		A0FBFADB206AA2DB00BF5088 /* MovieQuotes.xcdatamodeld in Sources */ = {isa = PBXBuildFile; fileRef = A0FBFAD9206AA2DB00BF5088 /* MovieQuotes.xcdatamodeld */; };
		A0FBFAE2206AA2DB00BF5088 /* Main.storyboard in Resources */ = {isa = PBXBuildFile; fileRef = A0FBFAE0206AA2DB00BF5088 /* Main.storyboard */; };
		A0FBFAE4206AA2DB00BF5088 /* Assets.xcassets in Resources */ = {isa = PBXBuildFile; fileRef = A0FBFAE3206AA2DB00BF5088 /* Assets.xcassets */; };
		A0FBFAE7206AA2DB00BF5088 /* LaunchScreen.storyboard in Resources */ = {isa = PBXBuildFile; fileRef = A0FBFAE5206AA2DB00BF5088 /* LaunchScreen.storyboard */; };
/* End PBXBuildFile section */

/* Begin PBXFileReference section */
		A0007AAD2073D12700489F13 /* MovieQuoteDetailViewController.swift */ = {isa = PBXFileReference; lastKnownFileType = sourcecode.swift; path = MovieQuoteDetailViewController.swift; sourceTree = "<group>"; };
		A07D7F3B206D367800C1B07E /* MovieQuotesTableViewController.swift */ = {isa = PBXFileReference; lastKnownFileType = sourcecode.swift; path = MovieQuotesTableViewController.swift; sourceTree = "<group>"; };
		A07D7F3D206D395100C1B07E /* MovieQuotes.swift */ = {isa = PBXFileReference; lastKnownFileType = sourcecode.swift; path = MovieQuotes.swift; sourceTree = "<group>"; };
		A0FBFAD4206AA2DB00BF5088 /* MovieQuotes.app */ = {isa = PBXFileReference; explicitFileType = wrapper.application; includeInIndex = 0; path = MovieQuotes.app; sourceTree = BUILT_PRODUCTS_DIR; };
		A0FBFAD7206AA2DB00BF5088 /* AppDelegate.swift */ = {isa = PBXFileReference; lastKnownFileType = sourcecode.swift; path = AppDelegate.swift; sourceTree = "<group>"; };
		A0FBFADA206AA2DB00BF5088 /* MovieQuotes.xcdatamodel */ = {isa = PBXFileReference; lastKnownFileType = wrapper.xcdatamodel; path = MovieQuotes.xcdatamodel; sourceTree = "<group>"; };
		A0FBFAE1206AA2DB00BF5088 /* Base */ = {isa = PBXFileReference; lastKnownFileType = file.storyboard; name = Base; path = Base.lproj/Main.storyboard; sourceTree = "<group>"; };
		A0FBFAE3206AA2DB00BF5088 /* Assets.xcassets */ = {isa = PBXFileReference; lastKnownFileType = folder.assetcatalog; path = Assets.xcassets; sourceTree = "<group>"; };
		A0FBFAE6206AA2DB00BF5088 /* Base */ = {isa = PBXFileReference; lastKnownFileType = file.storyboard; name = Base; path = Base.lproj/LaunchScreen.storyboard; sourceTree = "<group>"; };
		A0FBFAE8206AA2DB00BF5088 /* Info.plist */ = {isa = PBXFileReference; lastKnownFileType = text.plist.xml; path = Info.plist; sourceTree = "<group>"; };
/* End PBXFileReference section */

/* Begin PBXFrameworksBuildPhase section */
		A0FBFAD1206AA2DB00BF5088 /* Frameworks */ = {
			isa = PBXFrameworksBuildPhase;
			buildActionMask = 2147483647;
			files = (
			);
			runOnlyForDeploymentPostprocessing = 0;
		};
/* End PBXFrameworksBuildPhase section */

/* Begin PBXGroup section */
		A0FBFACB206AA2DB00BF5088 = {
			isa = PBXGroup;
			children = (
				A0FBFAD6206AA2DB00BF5088 /* MovieQuotes */,
				A0FBFAD5206AA2DB00BF5088 /* Products */,
			);
			sourceTree = "<group>";
		};
		A0FBFAD5206AA2DB00BF5088 /* Products */ = {
			isa = PBXGroup;
			children = (
				A0FBFAD4206AA2DB00BF5088 /* MovieQuotes.app */,
			);
			name = Products;
			sourceTree = "<group>";
		};
		A0FBFAD6206AA2DB00BF5088 /* MovieQuotes */ = {
			isa = PBXGroup;
			children = (
				A0FBFAD7206AA2DB00BF5088 /* AppDelegate.swift */,
				A0FBFAE0206AA2DB00BF5088 /* Main.storyboard */,
				A0FBFAE3206AA2DB00BF5088 /* Assets.xcassets */,
				A0FBFAE5206AA2DB00BF5088 /* LaunchScreen.storyboard */,
				A0FBFAE8206AA2DB00BF5088 /* Info.plist */,
				A0FBFAD9206AA2DB00BF5088 /* MovieQuotes.xcdatamodeld */,
				A07D7F3B206D367800C1B07E /* MovieQuotesTableViewController.swift */,
				A07D7F3D206D395100C1B07E /* MovieQuotes.swift */,
				A0007AAD2073D12700489F13 /* MovieQuoteDetailViewController.swift */,
			);
			path = MovieQuotes;
			sourceTree = "<group>";
		};
/* End PBXGroup section */

/* Begin PBXNativeTarget section */
		A0FBFAD3206AA2DB00BF5088 /* MovieQuotes */ = {
			isa = PBXNativeTarget;
			buildConfigurationList = A0FBFAEB206AA2DB00BF5088 /* Build configuration list for PBXNativeTarget "MovieQuotes" */;
			buildPhases = (
				A0FBFAD0206AA2DB00BF5088 /* Sources */,
				A0FBFAD1206AA2DB00BF5088 /* Frameworks */,
				A0FBFAD2206AA2DB00BF5088 /* Resources */,
			);
			buildRules = (
			);
			dependencies = (
			);
			name = MovieQuotes;
			productName = MovieQuotes;
			productReference = A0FBFAD4206AA2DB00BF5088 /* MovieQuotes.app */;
			productType = "com.apple.product-type.application";
		};
/* End PBXNativeTarget section */

/* Begin PBXProject section */
		A0FBFACC206AA2DB00BF5088 /* Project object */ = {
			isa = PBXProject;
			attributes = {
				LastSwiftUpdateCheck = 0920;
				LastUpgradeCheck = 0920;
				ORGANIZATIONNAME = "Yuan zhou";
				TargetAttributes = {
					A0FBFAD3206AA2DB00BF5088 = {
						CreatedOnToolsVersion = 9.2;
						ProvisioningStyle = Automatic;
					};
				};
			};
			buildConfigurationList = A0FBFACF206AA2DB00BF5088 /* Build configuration list for PBXProject "MovieQuotes" */;
			compatibilityVersion = "Xcode 8.0";
			developmentRegion = en;
			hasScannedForEncodings = 0;
			knownRegions = (
				en,
				Base,
			);
			mainGroup = A0FBFACB206AA2DB00BF5088;
			productRefGroup = A0FBFAD5206AA2DB00BF5088 /* Products */;
			projectDirPath = "";
			projectRoot = "";
			targets = (
				A0FBFAD3206AA2DB00BF5088 /* MovieQuotes */,
			);
		};
/* End PBXProject section */

/* Begin PBXResourcesBuildPhase section */
		A0FBFAD2206AA2DB00BF5088 /* Resources */ = {
			isa = PBXResourcesBuildPhase;
			buildActionMask = 2147483647;
			files = (
				A0FBFAE7206AA2DB00BF5088 /* LaunchScreen.storyboard in Resources */,
				A0FBFAE4206AA2DB00BF5088 /* Assets.xcassets in Resources */,
				A0FBFAE2206AA2DB00BF5088 /* Main.storyboard in Resources */,
			);
			runOnlyForDeploymentPostprocessing = 0;
		};
/* End PBXResourcesBuildPhase section */

/* Begin PBXSourcesBuildPhase section */
		A0FBFAD0206AA2DB00BF5088 /* Sources */ = {
			isa = PBXSourcesBuildPhase;
			buildActionMask = 2147483647;
			files = (
				A0FBFAD8206AA2DB00BF5088 /* AppDelegate.swift in Sources */,
				A0007AAE2073D12700489F13 /* MovieQuoteDetailViewController.swift in Sources */,
				A07D7F3E206D395100C1B07E /* MovieQuotes.swift in Sources */,
				A07D7F3C206D367800C1B07E /* MovieQuotesTableViewController.swift in Sources */,
				A0FBFADB206AA2DB00BF5088 /* MovieQuotes.xcdatamodeld in Sources */,
			);
			runOnlyForDeploymentPostprocessing = 0;
		};
/* End PBXSourcesBuildPhase section */

/* Begin PBXVariantGroup section */
		A0FBFAE0206AA2DB00BF5088 /* Main.storyboard */ = {
			isa = PBXVariantGroup;
			children = (
				A0FBFAE1206AA2DB00BF5088 /* Base */,
			);
			name = Main.storyboard;
			sourceTree = "<group>";
		};
		A0FBFAE5206AA2DB00BF5088 /* LaunchScreen.storyboard */ = {
			isa = PBXVariantGroup;
			children = (
				A0FBFAE6206AA2DB00BF5088 /* Base */,
			);
			name = LaunchScreen.storyboard;
			sourceTree = "<group>";
		};
/* End PBXVariantGroup section */

/* Begin XCBuildConfiguration section */
		A0FBFAE9206AA2DB00BF5088 /* Debug */ = {
			isa = XCBuildConfiguration;
			buildSettings = {
				ALWAYS_SEARCH_USER_PATHS = NO;
				CLANG_ANALYZER_NONNULL = YES;
				CLANG_ANALYZER_NUMBER_OBJECT_CONVERSION = YES_AGGRESSIVE;
				CLANG_CXX_LANGUAGE_STANDARD = "gnu++14";
				CLANG_CXX_LIBRARY = "libc++";
				CLANG_ENABLE_MODULES = YES;
				CLANG_ENABLE_OBJC_ARC = YES;
				CLANG_WARN_BLOCK_CAPTURE_AUTORELEASING = YES;
				CLANG_WARN_BOOL_CONVERSION = YES;
				CLANG_WARN_COMMA = YES;
				CLANG_WARN_CONSTANT_CONVERSION = YES;
				CLANG_WARN_DIRECT_OBJC_ISA_USAGE = YES_ERROR;
				CLANG_WARN_DOCUMENTATION_COMMENTS = YES;
				CLANG_WARN_EMPTY_BODY = YES;
				CLANG_WARN_ENUM_CONVERSION = YES;
				CLANG_WARN_INFINITE_RECURSION = YES;
				CLANG_WARN_INT_CONVERSION = YES;
				CLANG_WARN_NON_LITERAL_NULL_CONVERSION = YES;
				CLANG_WARN_OBJC_LITERAL_CONVERSION = YES;
				CLANG_WARN_OBJC_ROOT_CLASS = YES_ERROR;
				CLANG_WARN_RANGE_LOOP_ANALYSIS = YES;
				CLANG_WARN_STRICT_PROTOTYPES = YES;
				CLANG_WARN_SUSPICIOUS_MOVE = YES;
				CLANG_WARN_UNGUARDED_AVAILABILITY = YES_AGGRESSIVE;
				CLANG_WARN_UNREACHABLE_CODE = YES;
				CLANG_WARN__DUPLICATE_METHOD_MATCH = YES;
				CODE_SIGN_IDENTITY = "iPhone Developer";
				COPY_PHASE_STRIP = NO;
				DEBUG_INFORMATION_FORMAT = dwarf;
				ENABLE_STRICT_OBJC_MSGSEND = YES;
				ENABLE_TESTABILITY = YES;
				GCC_C_LANGUAGE_STANDARD = gnu11;
				GCC_DYNAMIC_NO_PIC = NO;
				GCC_NO_COMMON_BLOCKS = YES;
				GCC_OPTIMIZATION_LEVEL = 0;
				GCC_PREPROCESSOR_DEFINITIONS = (
					"DEBUG=1",
					"$(inherited)",
				);
				GCC_WARN_64_TO_32_BIT_CONVERSION = YES;
				GCC_WARN_ABOUT_RETURN_TYPE = YES_ERROR;
				GCC_WARN_UNDECLARED_SELECTOR = YES;
				GCC_WARN_UNINITIALIZED_AUTOS = YES_AGGRESSIVE;
				GCC_WARN_UNUSED_FUNCTION = YES;
				GCC_WARN_UNUSED_VARIABLE = YES;
				IPHONEOS_DEPLOYMENT_TARGET = 11.2;
				MTL_ENABLE_DEBUG_INFO = YES;
				ONLY_ACTIVE_ARCH = YES;
				SDKROOT = iphoneos;
				SWIFT_ACTIVE_COMPILATION_CONDITIONS = DEBUG;
				SWIFT_OPTIMIZATION_LEVEL = "-Onone";
			};
			name = Debug;
		};
		A0FBFAEA206AA2DB00BF5088 /* Release */ = {
			isa = XCBuildConfiguration;
			buildSettings = {
				ALWAYS_SEARCH_USER_PATHS = NO;
				CLANG_ANALYZER_NONNULL = YES;
				CLANG_ANALYZER_NUMBER_OBJECT_CONVERSION = YES_AGGRESSIVE;
				CLANG_CXX_LANGUAGE_STANDARD = "gnu++14";
				CLANG_CXX_LIBRARY = "libc++";
				CLANG_ENABLE_MODULES = YES;
				CLANG_ENABLE_OBJC_ARC = YES;
				CLANG_WARN_BLOCK_CAPTURE_AUTORELEASING = YES;
				CLANG_WARN_BOOL_CONVERSION = YES;
				CLANG_WARN_COMMA = YES;
				CLANG_WARN_CONSTANT_CONVERSION = YES;
				CLANG_WARN_DIRECT_OBJC_ISA_USAGE = YES_ERROR;
				CLANG_WARN_DOCUMENTATION_COMMENTS = YES;
				CLANG_WARN_EMPTY_BODY = YES;
				CLANG_WARN_ENUM_CONVERSION = YES;
				CLANG_WARN_INFINITE_RECURSION = YES;
				CLANG_WARN_INT_CONVERSION = YES;
				CLANG_WARN_NON_LITERAL_NULL_CONVERSION = YES;
				CLANG_WARN_OBJC_LITERAL_CONVERSION = YES;
				CLANG_WARN_OBJC_ROOT_CLASS = YES_ERROR;
				CLANG_WARN_RANGE_LOOP_ANALYSIS = YES;
				CLANG_WARN_STRICT_PROTOTYPES = YES;
				CLANG_WARN_SUSPICIOUS_MOVE = YES;
				CLANG_WARN_UNGUARDED_AVAILABILITY = YES_AGGRESSIVE;
				CLANG_WARN_UNREACHABLE_CODE = YES;
				CLANG_WARN__DUPLICATE_METHOD_MATCH = YES;
				CODE_SIGN_IDENTITY = "iPhone Developer";
				COPY_PHASE_STRIP = NO;
				DEBUG_INFORMATION_FORMAT = "dwarf-with-dsym";
				ENABLE_NS_ASSERTIONS = NO;
				ENABLE_STRICT_OBJC_MSGSEND = YES;
				GCC_C_LANGUAGE_STANDARD = gnu11;
				GCC_NO_COMMON_BLOCKS = YES;
				GCC_WARN_64_TO_32_BIT_CONVERSION = YES;
				GCC_WARN_ABOUT_RETURN_TYPE = YES_ERROR;
				GCC_WARN_UNDECLARED_SELECTOR = YES;
				GCC_WARN_UNINITIALIZED_AUTOS = YES_AGGRESSIVE;
				GCC_WARN_UNUSED_FUNCTION = YES;
				GCC_WARN_UNUSED_VARIABLE = YES;
				IPHONEOS_DEPLOYMENT_TARGET = 11.2;
				MTL_ENABLE_DEBUG_INFO = NO;
				SDKROOT = iphoneos;
				SWIFT_OPTIMIZATION_LEVEL = "-Owholemodule";
				VALIDATE_PRODUCT = YES;
			};
			name = Release;
		};
		A0FBFAEC206AA2DB00BF5088 /* Debug */ = {
			isa = XCBuildConfiguration;
			buildSettings = {
				ASSETCATALOG_COMPILER_APPICON_NAME = AppIcon;
				CODE_SIGN_STYLE = Automatic;
				INFOPLIST_FILE = MovieQuotes/Info.plist;
				LD_RUNPATH_SEARCH_PATHS = "$(inherited) @executable_path/Frameworks";
				PRODUCT_BUNDLE_IDENTIFIER = "edu.rose-hulman.MovieQuotes";
				PRODUCT_NAME = "$(TARGET_NAME)";
				SWIFT_VERSION = 4.0;
				TARGETED_DEVICE_FAMILY = 1;
			};
			name = Debug;
		};
		A0FBFAED206AA2DB00BF5088 /* Release */ = {
			isa = XCBuildConfiguration;
			buildSettings = {
				ASSETCATALOG_COMPILER_APPICON_NAME = AppIcon;
				CODE_SIGN_STYLE = Automatic;
				INFOPLIST_FILE = MovieQuotes/Info.plist;
				LD_RUNPATH_SEARCH_PATHS = "$(inherited) @executable_path/Frameworks";
				PRODUCT_BUNDLE_IDENTIFIER = "edu.rose-hulman.MovieQuotes";
				PRODUCT_NAME = "$(TARGET_NAME)";
				SWIFT_VERSION = 4.0;
				TARGETED_DEVICE_FAMILY = 1;
			};
			name = Release;
		};
/* End XCBuildConfiguration section */

/* Begin XCConfigurationList section */
		A0FBFACF206AA2DB00BF5088 /* Build configuration list for PBXProject "MovieQuotes" */ = {
			isa = XCConfigurationList;
			buildConfigurations = (
				A0FBFAE9206AA2DB00BF5088 /* Debug */,
				A0FBFAEA206AA2DB00BF5088 /* Release */,
			);
			defaultConfigurationIsVisible = 0;
			defaultConfigurationName = Release;
		};
		A0FBFAEB206AA2DB00BF5088 /* Build configuration list for PBXNativeTarget "MovieQuotes" */ = {
			isa = XCConfigurationList;
			buildConfigurations = (
				A0FBFAEC206AA2DB00BF5088 /* Debug */,
				A0FBFAED206AA2DB00BF5088 /* Release */,
			);
			defaultConfigurationIsVisible = 0;
			defaultConfigurationName = Release;
		};
/* End XCConfigurationList section */

/* Begin XCVersionGroup section */
		A0FBFAD9206AA2DB00BF5088 /* MovieQuotes.xcdatamodeld */ = {
			isa = XCVersionGroup;
			children = (
				A0FBFADA206AA2DB00BF5088 /* MovieQuotes.xcdatamodel */,
			);
			currentVersion = A0FBFADA206AA2DB00BF5088 /* MovieQuotes.xcdatamodel */;
			path = MovieQuotes.xcdatamodeld;
			sourceTree = "<group>";
			versionGroupType = wrapper.xcdatamodel;
		};
/* End XCVersionGroup section */
	};
	rootObject = A0FBFACC206AA2DB00BF5088 /* Project object */;
}
